{
  "nodes": {
    "nixpkgs": {
      "locked": {
        "lastModified": 1741262767,
        "narHash": "sha256-xYVxBmu7Zoi920idTvcPJyyHaMUClIHcIlpXUNNBVtc=",
        "owner": "NixOS",
        "repo": "nixpkgs",
        "rev": "cb39a49be245617ddcb7ade622836edeb7644a34",
        "type": "github"
      },
      "original": {
        "id": "nixpkgs",
        "ref": "staging-next",
        "type": "indirect"
      }
    },
    "root": {
      "inputs": {
        "nixpkgs": "nixpkgs"
      }
    }
  },
  "root": "root",
  "version": 7
}
