{
  "nodes": {
    "nixpkgs": {
      "locked": {
        "lastModified": 1741370692,
        "narHash": "sha256-/UlzrK/yU1+XWuAtjQktLjcQc/aSqrdZCpYcmTXprlg=",
        "owner": "NixOS",
        "repo": "nixpkgs",
        "rev": "2bd4c5f8fbad8eb053714e6e73ea9fc0f9ddb601",
        "type": "github"
      },
      "original": {
        "id": "nixpkgs",
        "ref": "staging-next",
        "type": "indirect"
      }
    },
    "root": {
      "inputs": {
        "nixpkgs": "nixpkgs"
      }
    }
  },
  "root": "root",
  "version": 7
}
